
Microsoft Visual Studio Solution File, Format Version 11.00
# Visual C# Express 2010
Project("{FAE04EC0-301F-11D3-BF4B-00C04F79EFBC}") = "BurnSystems.WebServer", "BurnSystems.WebServer\BurnSystems.WebServer.csproj", "{B31DF31A-F19E-4FF9-B50F-B70F4F5949F4}"
EndProject
Project("{FAE04EC0-301F-11D3-BF4B-00C04F79EFBC}") = "BurnSystems", "..\dependencies\BurnSystems\src\BurnSystems.csproj", "{42023D16-AFD1-4D99-BC39-9EF46982EB54}"
EndProject
Project("{FAE04EC0-301F-11D3-BF4B-00C04F79EFBC}") = "BurnSystems.WebServer.UnitTests", "BurnSystems.WebServer.UnitTests\BurnSystems.WebServer.UnitTests.csproj", "{E424D9CA-EF99-405E-A80D-0D0A026E9FB8}"
EndProject
Project("{FAE04EC0-301F-11D3-BF4B-00C04F79EFBC}") = "SimpleTestServer", "SimpleTestServer\SimpleTestServer.csproj", "{D8C407CA-B18D-4D36-ADD4-4CAE6D51CFAC}"
EndProject
Global
	GlobalSection(SolutionConfigurationPlatforms) = preSolution
		Debug|Any CPU = Debug|Any CPU
		Release|Any CPU = Release|Any CPU
	EndGlobalSection
	GlobalSection(ProjectConfigurationPlatforms) = postSolution
		{B31DF31A-F19E-4FF9-B50F-B70F4F5949F4}.Debug|Any CPU.ActiveCfg = Debug|Any CPU
		{B31DF31A-F19E-4FF9-B50F-B70F4F5949F4}.Debug|Any CPU.Build.0 = Debug|Any CPU
		{B31DF31A-F19E-4FF9-B50F-B70F4F5949F4}.Release|Any CPU.ActiveCfg = Release|Any CPU
		{B31DF31A-F19E-4FF9-B50F-B70F4F5949F4}.Release|Any CPU.Build.0 = Release|Any CPU
		{42023D16-AFD1-4D99-BC39-9EF46982EB54}.Debug|Any CPU.ActiveCfg = Debug|Any CPU
		{42023D16-AFD1-4D99-BC39-9EF46982EB54}.Debug|Any CPU.Build.0 = Debug|Any CPU
		{42023D16-AFD1-4D99-BC39-9EF46982EB54}.Release|Any CPU.ActiveCfg = Release|Any CPU
		{42023D16-AFD1-4D99-BC39-9EF46982EB54}.Release|Any CPU.Build.0 = Release|Any CPU
		{E424D9CA-EF99-405E-A80D-0D0A026E9FB8}.Debug|Any CPU.ActiveCfg = Debug|Any CPU
		{E424D9CA-EF99-405E-A80D-0D0A026E9FB8}.Debug|Any CPU.Build.0 = Debug|Any CPU
		{E424D9CA-EF99-405E-A80D-0D0A026E9FB8}.Release|Any CPU.ActiveCfg = Release|Any CPU
		{E424D9CA-EF99-405E-A80D-0D0A026E9FB8}.Release|Any CPU.Build.0 = Release|Any CPU
		{D8C407CA-B18D-4D36-ADD4-4CAE6D51CFAC}.Debug|Any CPU.ActiveCfg = Debug|Any CPU
		{D8C407CA-B18D-4D36-ADD4-4CAE6D51CFAC}.Debug|Any CPU.Build.0 = Debug|Any CPU
		{D8C407CA-B18D-4D36-ADD4-4CAE6D51CFAC}.Release|Any CPU.ActiveCfg = Release|Any CPU
		{D8C407CA-B18D-4D36-ADD4-4CAE6D51CFAC}.Release|Any CPU.Build.0 = Release|Any CPU
	EndGlobalSection
	GlobalSection(SolutionProperties) = preSolution
		HideSolutionNode = FALSE
	EndGlobalSection
EndGlobal
